
Microsoft Visual Studio Solution File, Format Version 12.00
# Visual Studio 15
VisualStudioVersion = 15.0.26730.12
MinimumVisualStudioVersion = 10.0.40219.1
Project("{FAE04EC0-301F-11D3-BF4B-00C04F79EFBC}") = "Mato.AutoComplete.PCL", "Mato.AutoComplete.PCL\Mato.AutoComplete.PCL.csproj", "{9F66770C-6850-4A11-ABF4-A0A347D03B5D}"
EndProject
Project("{FAE04EC0-301F-11D3-BF4B-00C04F79EFBC}") = "Mato.AutoComplete.UWP", "Mato.AutoComplete.UWP\Mato.AutoComplete.UWP.csproj", "{AC695E00-0EB3-43A4-9695-B3DB9574C5D2}"
EndProject
Project("{2150E333-8FDC-42A3-9474-1A3956D46DE8}") = "Sample", "Sample", "{AF050291-39DE-438E-93B9-CD5294B96083}"
EndProject
Project("{FAE04EC0-301F-11D3-BF4B-00C04F79EFBC}") = "Mato.Sample", "Mato.Sample\Mato.Sample\Mato.Sample.csproj", "{3260B212-7EDA-4A6F-BC02-133DE76E1686}"
EndProject
Project("{FAE04EC0-301F-11D3-BF4B-00C04F79EFBC}") = "Mato.Sample.Android", "Mato.Sample\Mato.Sample.Android\Mato.Sample.Android.csproj", "{5B777034-829D-46DB-B190-7233326571C6}"
EndProject
Project("{FAE04EC0-301F-11D3-BF4B-00C04F79EFBC}") = "Mato.Sample.iOS", "Mato.Sample\Mato.Sample.iOS\Mato.Sample.iOS.csproj", "{FEC4E9F8-8E2C-41D7-B03F-6941E1BAA661}"
EndProject
Project("{FAE04EC0-301F-11D3-BF4B-00C04F79EFBC}") = "Mato.Sample.UWP", "Mato.Sample.UWP\Mato.Sample.UWP.csproj", "{3814FA4D-59C3-4D1D-818C-45AEDF1E23FF}"
EndProject
Global
	GlobalSection(SolutionConfigurationPlatforms) = preSolution
		Ad-Hoc|Any CPU = Ad-Hoc|Any CPU
		Ad-Hoc|ARM = Ad-Hoc|ARM
		Ad-Hoc|iPhone = Ad-Hoc|iPhone
		Ad-Hoc|iPhoneSimulator = Ad-Hoc|iPhoneSimulator
		Ad-Hoc|x64 = Ad-Hoc|x64
		Ad-Hoc|x86 = Ad-Hoc|x86
		AppStore|Any CPU = AppStore|Any CPU
		AppStore|ARM = AppStore|ARM
		AppStore|iPhone = AppStore|iPhone
		AppStore|iPhoneSimulator = AppStore|iPhoneSimulator
		AppStore|x64 = AppStore|x64
		AppStore|x86 = AppStore|x86
		Debug|Any CPU = Debug|Any CPU
		Debug|ARM = Debug|ARM
		Debug|iPhone = Debug|iPhone
		Debug|iPhoneSimulator = Debug|iPhoneSimulator
		Debug|x64 = Debug|x64
		Debug|x86 = Debug|x86
		Release|Any CPU = Release|Any CPU
		Release|ARM = Release|ARM
		Release|iPhone = Release|iPhone
		Release|iPhoneSimulator = Release|iPhoneSimulator
		Release|x64 = Release|x64
		Release|x86 = Release|x86
	EndGlobalSection
	GlobalSection(ProjectConfigurationPlatforms) = postSolution
		{9F66770C-6850-4A11-ABF4-A0A347D03B5D}.Ad-Hoc|Any CPU.ActiveCfg = Release|Any CPU
		{9F66770C-6850-4A11-ABF4-A0A347D03B5D}.Ad-Hoc|Any CPU.Build.0 = Release|Any CPU
		{9F66770C-6850-4A11-ABF4-A0A347D03B5D}.Ad-Hoc|ARM.ActiveCfg = Release|Any CPU
		{9F66770C-6850-4A11-ABF4-A0A347D03B5D}.Ad-Hoc|ARM.Build.0 = Release|Any CPU
		{9F66770C-6850-4A11-ABF4-A0A347D03B5D}.Ad-Hoc|iPhone.ActiveCfg = Release|Any CPU
		{9F66770C-6850-4A11-ABF4-A0A347D03B5D}.Ad-Hoc|iPhone.Build.0 = Release|Any CPU
		{9F66770C-6850-4A11-ABF4-A0A347D03B5D}.Ad-Hoc|iPhoneSimulator.ActiveCfg = Release|Any CPU
		{9F66770C-6850-4A11-ABF4-A0A347D03B5D}.Ad-Hoc|iPhoneSimulator.Build.0 = Release|Any CPU
		{9F66770C-6850-4A11-ABF4-A0A347D03B5D}.Ad-Hoc|x64.ActiveCfg = Release|Any CPU
		{9F66770C-6850-4A11-ABF4-A0A347D03B5D}.Ad-Hoc|x64.Build.0 = Release|Any CPU
		{9F66770C-6850-4A11-ABF4-A0A347D03B5D}.Ad-Hoc|x86.ActiveCfg = Release|Any CPU
		{9F66770C-6850-4A11-ABF4-A0A347D03B5D}.Ad-Hoc|x86.Build.0 = Release|Any CPU
		{9F66770C-6850-4A11-ABF4-A0A347D03B5D}.AppStore|Any CPU.ActiveCfg = Release|Any CPU
		{9F66770C-6850-4A11-ABF4-A0A347D03B5D}.AppStore|Any CPU.Build.0 = Release|Any CPU
		{9F66770C-6850-4A11-ABF4-A0A347D03B5D}.AppStore|ARM.ActiveCfg = Release|Any CPU
		{9F66770C-6850-4A11-ABF4-A0A347D03B5D}.AppStore|ARM.Build.0 = Release|Any CPU
		{9F66770C-6850-4A11-ABF4-A0A347D03B5D}.AppStore|iPhone.ActiveCfg = Release|Any CPU
		{9F66770C-6850-4A11-ABF4-A0A347D03B5D}.AppStore|iPhone.Build.0 = Release|Any CPU
		{9F66770C-6850-4A11-ABF4-A0A347D03B5D}.AppStore|iPhoneSimulator.ActiveCfg = Release|Any CPU
		{9F66770C-6850-4A11-ABF4-A0A347D03B5D}.AppStore|iPhoneSimulator.Build.0 = Release|Any CPU
		{9F66770C-6850-4A11-ABF4-A0A347D03B5D}.AppStore|x64.ActiveCfg = Release|Any CPU
		{9F66770C-6850-4A11-ABF4-A0A347D03B5D}.AppStore|x64.Build.0 = Release|Any CPU
		{9F66770C-6850-4A11-ABF4-A0A347D03B5D}.AppStore|x86.ActiveCfg = Release|Any CPU
		{9F66770C-6850-4A11-ABF4-A0A347D03B5D}.AppStore|x86.Build.0 = Release|Any CPU
		{9F66770C-6850-4A11-ABF4-A0A347D03B5D}.Debug|Any CPU.ActiveCfg = Debug|Any CPU
		{9F66770C-6850-4A11-ABF4-A0A347D03B5D}.Debug|Any CPU.Build.0 = Debug|Any CPU
		{9F66770C-6850-4A11-ABF4-A0A347D03B5D}.Debug|ARM.ActiveCfg = Debug|Any CPU
		{9F66770C-6850-4A11-ABF4-A0A347D03B5D}.Debug|ARM.Build.0 = Debug|Any CPU
		{9F66770C-6850-4A11-ABF4-A0A347D03B5D}.Debug|iPhone.ActiveCfg = Debug|Any CPU
		{9F66770C-6850-4A11-ABF4-A0A347D03B5D}.Debug|iPhone.Build.0 = Debug|Any CPU
		{9F66770C-6850-4A11-ABF4-A0A347D03B5D}.Debug|iPhoneSimulator.ActiveCfg = Debug|Any CPU
		{9F66770C-6850-4A11-ABF4-A0A347D03B5D}.Debug|iPhoneSimulator.Build.0 = Debug|Any CPU
		{9F66770C-6850-4A11-ABF4-A0A347D03B5D}.Debug|x64.ActiveCfg = Debug|Any CPU
		{9F66770C-6850-4A11-ABF4-A0A347D03B5D}.Debug|x64.Build.0 = Debug|Any CPU
		{9F66770C-6850-4A11-ABF4-A0A347D03B5D}.Debug|x86.ActiveCfg = Debug|Any CPU
		{9F66770C-6850-4A11-ABF4-A0A347D03B5D}.Debug|x86.Build.0 = Debug|Any CPU
		{9F66770C-6850-4A11-ABF4-A0A347D03B5D}.Release|Any CPU.ActiveCfg = Release|Any CPU
		{9F66770C-6850-4A11-ABF4-A0A347D03B5D}.Release|Any CPU.Build.0 = Release|Any CPU
		{9F66770C-6850-4A11-ABF4-A0A347D03B5D}.Release|ARM.ActiveCfg = Release|Any CPU
		{9F66770C-6850-4A11-ABF4-A0A347D03B5D}.Release|ARM.Build.0 = Release|Any CPU
		{9F66770C-6850-4A11-ABF4-A0A347D03B5D}.Release|iPhone.ActiveCfg = Release|Any CPU
		{9F66770C-6850-4A11-ABF4-A0A347D03B5D}.Release|iPhone.Build.0 = Release|Any CPU
		{9F66770C-6850-4A11-ABF4-A0A347D03B5D}.Release|iPhoneSimulator.ActiveCfg = Release|Any CPU
		{9F66770C-6850-4A11-ABF4-A0A347D03B5D}.Release|iPhoneSimulator.Build.0 = Release|Any CPU
		{9F66770C-6850-4A11-ABF4-A0A347D03B5D}.Release|x64.ActiveCfg = Release|Any CPU
		{9F66770C-6850-4A11-ABF4-A0A347D03B5D}.Release|x64.Build.0 = Release|Any CPU
		{9F66770C-6850-4A11-ABF4-A0A347D03B5D}.Release|x86.ActiveCfg = Release|Any CPU
		{9F66770C-6850-4A11-ABF4-A0A347D03B5D}.Release|x86.Build.0 = Release|Any CPU
		{AC695E00-0EB3-43A4-9695-B3DB9574C5D2}.Ad-Hoc|Any CPU.ActiveCfg = Release|Any CPU
		{AC695E00-0EB3-43A4-9695-B3DB9574C5D2}.Ad-Hoc|Any CPU.Build.0 = Release|Any CPU
		{AC695E00-0EB3-43A4-9695-B3DB9574C5D2}.Ad-Hoc|ARM.ActiveCfg = Release|ARM
		{AC695E00-0EB3-43A4-9695-B3DB9574C5D2}.Ad-Hoc|ARM.Build.0 = Release|ARM
		{AC695E00-0EB3-43A4-9695-B3DB9574C5D2}.Ad-Hoc|iPhone.ActiveCfg = Release|Any CPU
		{AC695E00-0EB3-43A4-9695-B3DB9574C5D2}.Ad-Hoc|iPhone.Build.0 = Release|Any CPU
		{AC695E00-0EB3-43A4-9695-B3DB9574C5D2}.Ad-Hoc|iPhoneSimulator.ActiveCfg = Release|Any CPU
		{AC695E00-0EB3-43A4-9695-B3DB9574C5D2}.Ad-Hoc|iPhoneSimulator.Build.0 = Release|Any CPU
		{AC695E00-0EB3-43A4-9695-B3DB9574C5D2}.Ad-Hoc|x64.ActiveCfg = Release|x64
		{AC695E00-0EB3-43A4-9695-B3DB9574C5D2}.Ad-Hoc|x64.Build.0 = Release|x64
		{AC695E00-0EB3-43A4-9695-B3DB9574C5D2}.Ad-Hoc|x86.ActiveCfg = Release|x86
		{AC695E00-0EB3-43A4-9695-B3DB9574C5D2}.Ad-Hoc|x86.Build.0 = Release|x86
		{AC695E00-0EB3-43A4-9695-B3DB9574C5D2}.AppStore|Any CPU.ActiveCfg = Release|Any CPU
		{AC695E00-0EB3-43A4-9695-B3DB9574C5D2}.AppStore|Any CPU.Build.0 = Release|Any CPU
		{AC695E00-0EB3-43A4-9695-B3DB9574C5D2}.AppStore|ARM.ActiveCfg = Release|ARM
		{AC695E00-0EB3-43A4-9695-B3DB9574C5D2}.AppStore|ARM.Build.0 = Release|ARM
		{AC695E00-0EB3-43A4-9695-B3DB9574C5D2}.AppStore|iPhone.ActiveCfg = Release|Any CPU
		{AC695E00-0EB3-43A4-9695-B3DB9574C5D2}.AppStore|iPhone.Build.0 = Release|Any CPU
		{AC695E00-0EB3-43A4-9695-B3DB9574C5D2}.AppStore|iPhoneSimulator.ActiveCfg = Release|Any CPU
		{AC695E00-0EB3-43A4-9695-B3DB9574C5D2}.AppStore|iPhoneSimulator.Build.0 = Release|Any CPU
		{AC695E00-0EB3-43A4-9695-B3DB9574C5D2}.AppStore|x64.ActiveCfg = Release|x64
		{AC695E00-0EB3-43A4-9695-B3DB9574C5D2}.AppStore|x64.Build.0 = Release|x64
		{AC695E00-0EB3-43A4-9695-B3DB9574C5D2}.AppStore|x86.ActiveCfg = Release|x86
		{AC695E00-0EB3-43A4-9695-B3DB9574C5D2}.AppStore|x86.Build.0 = Release|x86
		{AC695E00-0EB3-43A4-9695-B3DB9574C5D2}.Debug|Any CPU.ActiveCfg = Debug|Any CPU
		{AC695E00-0EB3-43A4-9695-B3DB9574C5D2}.Debug|Any CPU.Build.0 = Debug|Any CPU
		{AC695E00-0EB3-43A4-9695-B3DB9574C5D2}.Debug|ARM.ActiveCfg = Debug|ARM
		{AC695E00-0EB3-43A4-9695-B3DB9574C5D2}.Debug|ARM.Build.0 = Debug|ARM
		{AC695E00-0EB3-43A4-9695-B3DB9574C5D2}.Debug|iPhone.ActiveCfg = Debug|Any CPU
		{AC695E00-0EB3-43A4-9695-B3DB9574C5D2}.Debug|iPhone.Build.0 = Debug|Any CPU
		{AC695E00-0EB3-43A4-9695-B3DB9574C5D2}.Debug|iPhoneSimulator.ActiveCfg = Debug|Any CPU
		{AC695E00-0EB3-43A4-9695-B3DB9574C5D2}.Debug|iPhoneSimulator.Build.0 = Debug|Any CPU
		{AC695E00-0EB3-43A4-9695-B3DB9574C5D2}.Debug|x64.ActiveCfg = Debug|x64
		{AC695E00-0EB3-43A4-9695-B3DB9574C5D2}.Debug|x64.Build.0 = Debug|x64
		{AC695E00-0EB3-43A4-9695-B3DB9574C5D2}.Debug|x86.ActiveCfg = Debug|x86
		{AC695E00-0EB3-43A4-9695-B3DB9574C5D2}.Debug|x86.Build.0 = Debug|x86
		{AC695E00-0EB3-43A4-9695-B3DB9574C5D2}.Release|Any CPU.ActiveCfg = Release|Any CPU
		{AC695E00-0EB3-43A4-9695-B3DB9574C5D2}.Release|Any CPU.Build.0 = Release|Any CPU
		{AC695E00-0EB3-43A4-9695-B3DB9574C5D2}.Release|ARM.ActiveCfg = Release|ARM
		{AC695E00-0EB3-43A4-9695-B3DB9574C5D2}.Release|ARM.Build.0 = Release|ARM
		{AC695E00-0EB3-43A4-9695-B3DB9574C5D2}.Release|iPhone.ActiveCfg = Release|Any CPU
		{AC695E00-0EB3-43A4-9695-B3DB9574C5D2}.Release|iPhone.Build.0 = Release|Any CPU
		{AC695E00-0EB3-43A4-9695-B3DB9574C5D2}.Release|iPhoneSimulator.ActiveCfg = Release|Any CPU
		{AC695E00-0EB3-43A4-9695-B3DB9574C5D2}.Release|iPhoneSimulator.Build.0 = Release|Any CPU
		{AC695E00-0EB3-43A4-9695-B3DB9574C5D2}.Release|x64.ActiveCfg = Release|x64
		{AC695E00-0EB3-43A4-9695-B3DB9574C5D2}.Release|x64.Build.0 = Release|x64
		{AC695E00-0EB3-43A4-9695-B3DB9574C5D2}.Release|x86.ActiveCfg = Release|x86
		{AC695E00-0EB3-43A4-9695-B3DB9574C5D2}.Release|x86.Build.0 = Release|x86
		{3260B212-7EDA-4A6F-BC02-133DE76E1686}.Ad-Hoc|Any CPU.ActiveCfg = Release|Any CPU
		{3260B212-7EDA-4A6F-BC02-133DE76E1686}.Ad-Hoc|Any CPU.Build.0 = Release|Any CPU
		{3260B212-7EDA-4A6F-BC02-133DE76E1686}.Ad-Hoc|ARM.ActiveCfg = Release|Any CPU
		{3260B212-7EDA-4A6F-BC02-133DE76E1686}.Ad-Hoc|ARM.Build.0 = Release|Any CPU
		{3260B212-7EDA-4A6F-BC02-133DE76E1686}.Ad-Hoc|iPhone.ActiveCfg = Release|Any CPU
		{3260B212-7EDA-4A6F-BC02-133DE76E1686}.Ad-Hoc|iPhone.Build.0 = Release|Any CPU
		{3260B212-7EDA-4A6F-BC02-133DE76E1686}.Ad-Hoc|iPhoneSimulator.ActiveCfg = Release|Any CPU
		{3260B212-7EDA-4A6F-BC02-133DE76E1686}.Ad-Hoc|iPhoneSimulator.Build.0 = Release|Any CPU
		{3260B212-7EDA-4A6F-BC02-133DE76E1686}.Ad-Hoc|x64.ActiveCfg = Release|Any CPU
		{3260B212-7EDA-4A6F-BC02-133DE76E1686}.Ad-Hoc|x64.Build.0 = Release|Any CPU
		{3260B212-7EDA-4A6F-BC02-133DE76E1686}.Ad-Hoc|x86.ActiveCfg = Release|Any CPU
		{3260B212-7EDA-4A6F-BC02-133DE76E1686}.Ad-Hoc|x86.Build.0 = Release|Any CPU
		{3260B212-7EDA-4A6F-BC02-133DE76E1686}.AppStore|Any CPU.ActiveCfg = Release|Any CPU
		{3260B212-7EDA-4A6F-BC02-133DE76E1686}.AppStore|Any CPU.Build.0 = Release|Any CPU
		{3260B212-7EDA-4A6F-BC02-133DE76E1686}.AppStore|ARM.ActiveCfg = Release|Any CPU
		{3260B212-7EDA-4A6F-BC02-133DE76E1686}.AppStore|ARM.Build.0 = Release|Any CPU
		{3260B212-7EDA-4A6F-BC02-133DE76E1686}.AppStore|iPhone.ActiveCfg = Release|Any CPU
		{3260B212-7EDA-4A6F-BC02-133DE76E1686}.AppStore|iPhone.Build.0 = Release|Any CPU
		{3260B212-7EDA-4A6F-BC02-133DE76E1686}.AppStore|iPhoneSimulator.ActiveCfg = Release|Any CPU
		{3260B212-7EDA-4A6F-BC02-133DE76E1686}.AppStore|iPhoneSimulator.Build.0 = Release|Any CPU
		{3260B212-7EDA-4A6F-BC02-133DE76E1686}.AppStore|x64.ActiveCfg = Release|Any CPU
		{3260B212-7EDA-4A6F-BC02-133DE76E1686}.AppStore|x64.Build.0 = Release|Any CPU
		{3260B212-7EDA-4A6F-BC02-133DE76E1686}.AppStore|x86.ActiveCfg = Release|Any CPU
		{3260B212-7EDA-4A6F-BC02-133DE76E1686}.AppStore|x86.Build.0 = Release|Any CPU
		{3260B212-7EDA-4A6F-BC02-133DE76E1686}.Debug|Any CPU.ActiveCfg = Debug|Any CPU
		{3260B212-7EDA-4A6F-BC02-133DE76E1686}.Debug|Any CPU.Build.0 = Debug|Any CPU
		{3260B212-7EDA-4A6F-BC02-133DE76E1686}.Debug|ARM.ActiveCfg = Debug|Any CPU
		{3260B212-7EDA-4A6F-BC02-133DE76E1686}.Debug|ARM.Build.0 = Debug|Any CPU
		{3260B212-7EDA-4A6F-BC02-133DE76E1686}.Debug|iPhone.ActiveCfg = Debug|Any CPU
		{3260B212-7EDA-4A6F-BC02-133DE76E1686}.Debug|iPhone.Build.0 = Debug|Any CPU
		{3260B212-7EDA-4A6F-BC02-133DE76E1686}.Debug|iPhoneSimulator.ActiveCfg = Debug|Any CPU
		{3260B212-7EDA-4A6F-BC02-133DE76E1686}.Debug|iPhoneSimulator.Build.0 = Debug|Any CPU
		{3260B212-7EDA-4A6F-BC02-133DE76E1686}.Debug|x64.ActiveCfg = Debug|Any CPU
		{3260B212-7EDA-4A6F-BC02-133DE76E1686}.Debug|x64.Build.0 = Debug|Any CPU
		{3260B212-7EDA-4A6F-BC02-133DE76E1686}.Debug|x86.ActiveCfg = Debug|Any CPU
		{3260B212-7EDA-4A6F-BC02-133DE76E1686}.Debug|x86.Build.0 = Debug|Any CPU
		{3260B212-7EDA-4A6F-BC02-133DE76E1686}.Release|Any CPU.ActiveCfg = Release|Any CPU
		{3260B212-7EDA-4A6F-BC02-133DE76E1686}.Release|Any CPU.Build.0 = Release|Any CPU
		{3260B212-7EDA-4A6F-BC02-133DE76E1686}.Release|ARM.ActiveCfg = Release|Any CPU
		{3260B212-7EDA-4A6F-BC02-133DE76E1686}.Release|ARM.Build.0 = Release|Any CPU
		{3260B212-7EDA-4A6F-BC02-133DE76E1686}.Release|iPhone.ActiveCfg = Release|Any CPU
		{3260B212-7EDA-4A6F-BC02-133DE76E1686}.Release|iPhone.Build.0 = Release|Any CPU
		{3260B212-7EDA-4A6F-BC02-133DE76E1686}.Release|iPhoneSimulator.ActiveCfg = Release|Any CPU
		{3260B212-7EDA-4A6F-BC02-133DE76E1686}.Release|iPhoneSimulator.Build.0 = Release|Any CPU
		{3260B212-7EDA-4A6F-BC02-133DE76E1686}.Release|x64.ActiveCfg = Release|Any CPU
		{3260B212-7EDA-4A6F-BC02-133DE76E1686}.Release|x64.Build.0 = Release|Any CPU
		{3260B212-7EDA-4A6F-BC02-133DE76E1686}.Release|x86.ActiveCfg = Release|Any CPU
		{3260B212-7EDA-4A6F-BC02-133DE76E1686}.Release|x86.Build.0 = Release|Any CPU
		{5B777034-829D-46DB-B190-7233326571C6}.Ad-Hoc|Any CPU.ActiveCfg = Release|Any CPU
		{5B777034-829D-46DB-B190-7233326571C6}.Ad-Hoc|Any CPU.Build.0 = Release|Any CPU
		{5B777034-829D-46DB-B190-7233326571C6}.Ad-Hoc|Any CPU.Deploy.0 = Release|Any CPU
		{5B777034-829D-46DB-B190-7233326571C6}.Ad-Hoc|ARM.ActiveCfg = Release|Any CPU
		{5B777034-829D-46DB-B190-7233326571C6}.Ad-Hoc|ARM.Build.0 = Release|Any CPU
		{5B777034-829D-46DB-B190-7233326571C6}.Ad-Hoc|ARM.Deploy.0 = Release|Any CPU
		{5B777034-829D-46DB-B190-7233326571C6}.Ad-Hoc|iPhone.ActiveCfg = Release|Any CPU
		{5B777034-829D-46DB-B190-7233326571C6}.Ad-Hoc|iPhone.Build.0 = Release|Any CPU
		{5B777034-829D-46DB-B190-7233326571C6}.Ad-Hoc|iPhone.Deploy.0 = Release|Any CPU
		{5B777034-829D-46DB-B190-7233326571C6}.Ad-Hoc|iPhoneSimulator.ActiveCfg = Release|Any CPU
		{5B777034-829D-46DB-B190-7233326571C6}.Ad-Hoc|iPhoneSimulator.Build.0 = Release|Any CPU
		{5B777034-829D-46DB-B190-7233326571C6}.Ad-Hoc|iPhoneSimulator.Deploy.0 = Release|Any CPU
		{5B777034-829D-46DB-B190-7233326571C6}.Ad-Hoc|x64.ActiveCfg = Release|Any CPU
		{5B777034-829D-46DB-B190-7233326571C6}.Ad-Hoc|x64.Build.0 = Release|Any CPU
		{5B777034-829D-46DB-B190-7233326571C6}.Ad-Hoc|x64.Deploy.0 = Release|Any CPU
		{5B777034-829D-46DB-B190-7233326571C6}.Ad-Hoc|x86.ActiveCfg = Release|Any CPU
		{5B777034-829D-46DB-B190-7233326571C6}.Ad-Hoc|x86.Build.0 = Release|Any CPU
		{5B777034-829D-46DB-B190-7233326571C6}.Ad-Hoc|x86.Deploy.0 = Release|Any CPU
		{5B777034-829D-46DB-B190-7233326571C6}.AppStore|Any CPU.ActiveCfg = Release|Any CPU
		{5B777034-829D-46DB-B190-7233326571C6}.AppStore|Any CPU.Build.0 = Release|Any CPU
		{5B777034-829D-46DB-B190-7233326571C6}.AppStore|Any CPU.Deploy.0 = Release|Any CPU
		{5B777034-829D-46DB-B190-7233326571C6}.AppStore|ARM.ActiveCfg = Release|Any CPU
		{5B777034-829D-46DB-B190-7233326571C6}.AppStore|ARM.Build.0 = Release|Any CPU
		{5B777034-829D-46DB-B190-7233326571C6}.AppStore|ARM.Deploy.0 = Release|Any CPU
		{5B777034-829D-46DB-B190-7233326571C6}.AppStore|iPhone.ActiveCfg = Release|Any CPU
		{5B777034-829D-46DB-B190-7233326571C6}.AppStore|iPhone.Build.0 = Release|Any CPU
		{5B777034-829D-46DB-B190-7233326571C6}.AppStore|iPhone.Deploy.0 = Release|Any CPU
		{5B777034-829D-46DB-B190-7233326571C6}.AppStore|iPhoneSimulator.ActiveCfg = Release|Any CPU
		{5B777034-829D-46DB-B190-7233326571C6}.AppStore|iPhoneSimulator.Build.0 = Release|Any CPU
		{5B777034-829D-46DB-B190-7233326571C6}.AppStore|iPhoneSimulator.Deploy.0 = Release|Any CPU
		{5B777034-829D-46DB-B190-7233326571C6}.AppStore|x64.ActiveCfg = Release|Any CPU
		{5B777034-829D-46DB-B190-7233326571C6}.AppStore|x64.Build.0 = Release|Any CPU
		{5B777034-829D-46DB-B190-7233326571C6}.AppStore|x64.Deploy.0 = Release|Any CPU
		{5B777034-829D-46DB-B190-7233326571C6}.AppStore|x86.ActiveCfg = Release|Any CPU
		{5B777034-829D-46DB-B190-7233326571C6}.AppStore|x86.Build.0 = Release|Any CPU
		{5B777034-829D-46DB-B190-7233326571C6}.AppStore|x86.Deploy.0 = Release|Any CPU
		{5B777034-829D-46DB-B190-7233326571C6}.Debug|Any CPU.ActiveCfg = Debug|Any CPU
		{5B777034-829D-46DB-B190-7233326571C6}.Debug|Any CPU.Build.0 = Debug|Any CPU
		{5B777034-829D-46DB-B190-7233326571C6}.Debug|Any CPU.Deploy.0 = Debug|Any CPU
		{5B777034-829D-46DB-B190-7233326571C6}.Debug|ARM.ActiveCfg = Debug|Any CPU
		{5B777034-829D-46DB-B190-7233326571C6}.Debug|ARM.Build.0 = Debug|Any CPU
		{5B777034-829D-46DB-B190-7233326571C6}.Debug|ARM.Deploy.0 = Debug|Any CPU
		{5B777034-829D-46DB-B190-7233326571C6}.Debug|iPhone.ActiveCfg = Debug|Any CPU
		{5B777034-829D-46DB-B190-7233326571C6}.Debug|iPhone.Build.0 = Debug|Any CPU
		{5B777034-829D-46DB-B190-7233326571C6}.Debug|iPhone.Deploy.0 = Debug|Any CPU
		{5B777034-829D-46DB-B190-7233326571C6}.Debug|iPhoneSimulator.ActiveCfg = Debug|Any CPU
		{5B777034-829D-46DB-B190-7233326571C6}.Debug|iPhoneSimulator.Build.0 = Debug|Any CPU
		{5B777034-829D-46DB-B190-7233326571C6}.Debug|iPhoneSimulator.Deploy.0 = Debug|Any CPU
		{5B777034-829D-46DB-B190-7233326571C6}.Debug|x64.ActiveCfg = Debug|Any CPU
		{5B777034-829D-46DB-B190-7233326571C6}.Debug|x64.Build.0 = Debug|Any CPU
		{5B777034-829D-46DB-B190-7233326571C6}.Debug|x64.Deploy.0 = Debug|Any CPU
		{5B777034-829D-46DB-B190-7233326571C6}.Debug|x86.ActiveCfg = Debug|Any CPU
		{5B777034-829D-46DB-B190-7233326571C6}.Debug|x86.Build.0 = Debug|Any CPU
		{5B777034-829D-46DB-B190-7233326571C6}.Debug|x86.Deploy.0 = Debug|Any CPU
		{5B777034-829D-46DB-B190-7233326571C6}.Release|Any CPU.ActiveCfg = Release|Any CPU
		{5B777034-829D-46DB-B190-7233326571C6}.Release|Any CPU.Build.0 = Release|Any CPU
		{5B777034-829D-46DB-B190-7233326571C6}.Release|Any CPU.Deploy.0 = Release|Any CPU
		{5B777034-829D-46DB-B190-7233326571C6}.Release|ARM.ActiveCfg = Release|Any CPU
		{5B777034-829D-46DB-B190-7233326571C6}.Release|ARM.Build.0 = Release|Any CPU
		{5B777034-829D-46DB-B190-7233326571C6}.Release|ARM.Deploy.0 = Release|Any CPU
		{5B777034-829D-46DB-B190-7233326571C6}.Release|iPhone.ActiveCfg = Release|Any CPU
		{5B777034-829D-46DB-B190-7233326571C6}.Release|iPhone.Build.0 = Release|Any CPU
		{5B777034-829D-46DB-B190-7233326571C6}.Release|iPhone.Deploy.0 = Release|Any CPU
		{5B777034-829D-46DB-B190-7233326571C6}.Release|iPhoneSimulator.ActiveCfg = Release|Any CPU
		{5B777034-829D-46DB-B190-7233326571C6}.Release|iPhoneSimulator.Build.0 = Release|Any CPU
		{5B777034-829D-46DB-B190-7233326571C6}.Release|iPhoneSimulator.Deploy.0 = Release|Any CPU
		{5B777034-829D-46DB-B190-7233326571C6}.Release|x64.ActiveCfg = Release|Any CPU
		{5B777034-829D-46DB-B190-7233326571C6}.Release|x64.Build.0 = Release|Any CPU
		{5B777034-829D-46DB-B190-7233326571C6}.Release|x64.Deploy.0 = Release|Any CPU
		{5B777034-829D-46DB-B190-7233326571C6}.Release|x86.ActiveCfg = Release|Any CPU
		{5B777034-829D-46DB-B190-7233326571C6}.Release|x86.Build.0 = Release|Any CPU
		{5B777034-829D-46DB-B190-7233326571C6}.Release|x86.Deploy.0 = Release|Any CPU
		{FEC4E9F8-8E2C-41D7-B03F-6941E1BAA661}.Ad-Hoc|Any CPU.ActiveCfg = Ad-Hoc|iPhone
		{FEC4E9F8-8E2C-41D7-B03F-6941E1BAA661}.Ad-Hoc|ARM.ActiveCfg = Ad-Hoc|iPhone
		{FEC4E9F8-8E2C-41D7-B03F-6941E1BAA661}.Ad-Hoc|iPhone.ActiveCfg = Ad-Hoc|iPhone
		{FEC4E9F8-8E2C-41D7-B03F-6941E1BAA661}.Ad-Hoc|iPhone.Build.0 = Ad-Hoc|iPhone
		{FEC4E9F8-8E2C-41D7-B03F-6941E1BAA661}.Ad-Hoc|iPhoneSimulator.ActiveCfg = Ad-Hoc|iPhoneSimulator
		{FEC4E9F8-8E2C-41D7-B03F-6941E1BAA661}.Ad-Hoc|iPhoneSimulator.Build.0 = Ad-Hoc|iPhoneSimulator
		{FEC4E9F8-8E2C-41D7-B03F-6941E1BAA661}.Ad-Hoc|x64.ActiveCfg = Ad-Hoc|iPhone
		{FEC4E9F8-8E2C-41D7-B03F-6941E1BAA661}.Ad-Hoc|x86.ActiveCfg = Ad-Hoc|iPhone
		{FEC4E9F8-8E2C-41D7-B03F-6941E1BAA661}.AppStore|Any CPU.ActiveCfg = AppStore|iPhone
		{FEC4E9F8-8E2C-41D7-B03F-6941E1BAA661}.AppStore|ARM.ActiveCfg = AppStore|iPhone
		{FEC4E9F8-8E2C-41D7-B03F-6941E1BAA661}.AppStore|iPhone.ActiveCfg = AppStore|iPhone
		{FEC4E9F8-8E2C-41D7-B03F-6941E1BAA661}.AppStore|iPhone.Build.0 = AppStore|iPhone
		{FEC4E9F8-8E2C-41D7-B03F-6941E1BAA661}.AppStore|iPhoneSimulator.ActiveCfg = AppStore|iPhoneSimulator
		{FEC4E9F8-8E2C-41D7-B03F-6941E1BAA661}.AppStore|iPhoneSimulator.Build.0 = AppStore|iPhoneSimulator
		{FEC4E9F8-8E2C-41D7-B03F-6941E1BAA661}.AppStore|x64.ActiveCfg = AppStore|iPhone
		{FEC4E9F8-8E2C-41D7-B03F-6941E1BAA661}.AppStore|x86.ActiveCfg = AppStore|iPhone
		{FEC4E9F8-8E2C-41D7-B03F-6941E1BAA661}.Debug|Any CPU.ActiveCfg = Debug|iPhone
		{FEC4E9F8-8E2C-41D7-B03F-6941E1BAA661}.Debug|ARM.ActiveCfg = Debug|iPhone
		{FEC4E9F8-8E2C-41D7-B03F-6941E1BAA661}.Debug|iPhone.ActiveCfg = Debug|iPhone
		{FEC4E9F8-8E2C-41D7-B03F-6941E1BAA661}.Debug|iPhone.Build.0 = Debug|iPhone
		{FEC4E9F8-8E2C-41D7-B03F-6941E1BAA661}.Debug|iPhoneSimulator.ActiveCfg = Debug|iPhoneSimulator
		{FEC4E9F8-8E2C-41D7-B03F-6941E1BAA661}.Debug|iPhoneSimulator.Build.0 = Debug|iPhoneSimulator
		{FEC4E9F8-8E2C-41D7-B03F-6941E1BAA661}.Debug|x64.ActiveCfg = Debug|iPhone
		{FEC4E9F8-8E2C-41D7-B03F-6941E1BAA661}.Debug|x86.ActiveCfg = Debug|iPhone
		{FEC4E9F8-8E2C-41D7-B03F-6941E1BAA661}.Release|Any CPU.ActiveCfg = Release|iPhone
		{FEC4E9F8-8E2C-41D7-B03F-6941E1BAA661}.Release|ARM.ActiveCfg = Release|iPhone
		{FEC4E9F8-8E2C-41D7-B03F-6941E1BAA661}.Release|iPhone.ActiveCfg = Release|iPhone
		{FEC4E9F8-8E2C-41D7-B03F-6941E1BAA661}.Release|iPhone.Build.0 = Release|iPhone
		{FEC4E9F8-8E2C-41D7-B03F-6941E1BAA661}.Release|iPhoneSimulator.ActiveCfg = Release|iPhoneSimulator
		{FEC4E9F8-8E2C-41D7-B03F-6941E1BAA661}.Release|iPhoneSimulator.Build.0 = Release|iPhoneSimulator
		{FEC4E9F8-8E2C-41D7-B03F-6941E1BAA661}.Release|x64.ActiveCfg = Release|iPhone
		{FEC4E9F8-8E2C-41D7-B03F-6941E1BAA661}.Release|x86.ActiveCfg = Release|iPhone
		{3814FA4D-59C3-4D1D-818C-45AEDF1E23FF}.Ad-Hoc|Any CPU.ActiveCfg = Release|x64
		{3814FA4D-59C3-4D1D-818C-45AEDF1E23FF}.Ad-Hoc|Any CPU.Build.0 = Release|x64
		{3814FA4D-59C3-4D1D-818C-45AEDF1E23FF}.Ad-Hoc|Any CPU.Deploy.0 = Release|x64
		{3814FA4D-59C3-4D1D-818C-45AEDF1E23FF}.Ad-Hoc|ARM.ActiveCfg = Release|ARM
		{3814FA4D-59C3-4D1D-818C-45AEDF1E23FF}.Ad-Hoc|ARM.Build.0 = Release|ARM
		{3814FA4D-59C3-4D1D-818C-45AEDF1E23FF}.Ad-Hoc|ARM.Deploy.0 = Release|ARM
		{3814FA4D-59C3-4D1D-818C-45AEDF1E23FF}.Ad-Hoc|iPhone.ActiveCfg = Release|x64
		{3814FA4D-59C3-4D1D-818C-45AEDF1E23FF}.Ad-Hoc|iPhone.Build.0 = Release|x64
		{3814FA4D-59C3-4D1D-818C-45AEDF1E23FF}.Ad-Hoc|iPhone.Deploy.0 = Release|x64
		{3814FA4D-59C3-4D1D-818C-45AEDF1E23FF}.Ad-Hoc|iPhoneSimulator.ActiveCfg = Release|x64
		{3814FA4D-59C3-4D1D-818C-45AEDF1E23FF}.Ad-Hoc|iPhoneSimulator.Build.0 = Release|x64
		{3814FA4D-59C3-4D1D-818C-45AEDF1E23FF}.Ad-Hoc|iPhoneSimulator.Deploy.0 = Release|x64
		{3814FA4D-59C3-4D1D-818C-45AEDF1E23FF}.Ad-Hoc|x64.ActiveCfg = Release|x64
		{3814FA4D-59C3-4D1D-818C-45AEDF1E23FF}.Ad-Hoc|x64.Build.0 = Release|x64
		{3814FA4D-59C3-4D1D-818C-45AEDF1E23FF}.Ad-Hoc|x64.Deploy.0 = Release|x64
		{3814FA4D-59C3-4D1D-818C-45AEDF1E23FF}.Ad-Hoc|x86.ActiveCfg = Release|x86
		{3814FA4D-59C3-4D1D-818C-45AEDF1E23FF}.Ad-Hoc|x86.Build.0 = Release|x86
		{3814FA4D-59C3-4D1D-818C-45AEDF1E23FF}.Ad-Hoc|x86.Deploy.0 = Release|x86
		{3814FA4D-59C3-4D1D-818C-45AEDF1E23FF}.AppStore|Any CPU.ActiveCfg = Release|x64
		{3814FA4D-59C3-4D1D-818C-45AEDF1E23FF}.AppStore|Any CPU.Build.0 = Release|x64
		{3814FA4D-59C3-4D1D-818C-45AEDF1E23FF}.AppStore|Any CPU.Deploy.0 = Release|x64
		{3814FA4D-59C3-4D1D-818C-45AEDF1E23FF}.AppStore|ARM.ActiveCfg = Release|ARM
		{3814FA4D-59C3-4D1D-818C-45AEDF1E23FF}.AppStore|ARM.Build.0 = Release|ARM
		{3814FA4D-59C3-4D1D-818C-45AEDF1E23FF}.AppStore|ARM.Deploy.0 = Release|ARM
		{3814FA4D-59C3-4D1D-818C-45AEDF1E23FF}.AppStore|iPhone.ActiveCfg = Release|x64
		{3814FA4D-59C3-4D1D-818C-45AEDF1E23FF}.AppStore|iPhone.Build.0 = Release|x64
		{3814FA4D-59C3-4D1D-818C-45AEDF1E23FF}.AppStore|iPhone.Deploy.0 = Release|x64
		{3814FA4D-59C3-4D1D-818C-45AEDF1E23FF}.AppStore|iPhoneSimulator.ActiveCfg = Release|x64
		{3814FA4D-59C3-4D1D-818C-45AEDF1E23FF}.AppStore|iPhoneSimulator.Build.0 = Release|x64
		{3814FA4D-59C3-4D1D-818C-45AEDF1E23FF}.AppStore|iPhoneSimulator.Deploy.0 = Release|x64
		{3814FA4D-59C3-4D1D-818C-45AEDF1E23FF}.AppStore|x64.ActiveCfg = Release|x64
		{3814FA4D-59C3-4D1D-818C-45AEDF1E23FF}.AppStore|x64.Build.0 = Release|x64
		{3814FA4D-59C3-4D1D-818C-45AEDF1E23FF}.AppStore|x64.Deploy.0 = Release|x64
		{3814FA4D-59C3-4D1D-818C-45AEDF1E23FF}.AppStore|x86.ActiveCfg = Release|x86
		{3814FA4D-59C3-4D1D-818C-45AEDF1E23FF}.AppStore|x86.Build.0 = Release|x86
		{3814FA4D-59C3-4D1D-818C-45AEDF1E23FF}.AppStore|x86.Deploy.0 = Release|x86
		{3814FA4D-59C3-4D1D-818C-45AEDF1E23FF}.Debug|Any CPU.ActiveCfg = Debug|x86
		{3814FA4D-59C3-4D1D-818C-45AEDF1E23FF}.Debug|ARM.ActiveCfg = Debug|ARM
		{3814FA4D-59C3-4D1D-818C-45AEDF1E23FF}.Debug|ARM.Build.0 = Debug|ARM
		{3814FA4D-59C3-4D1D-818C-45AEDF1E23FF}.Debug|ARM.Deploy.0 = Debug|ARM
		{3814FA4D-59C3-4D1D-818C-45AEDF1E23FF}.Debug|iPhone.ActiveCfg = Debug|x86
		{3814FA4D-59C3-4D1D-818C-45AEDF1E23FF}.Debug|iPhoneSimulator.ActiveCfg = Debug|x86
		{3814FA4D-59C3-4D1D-818C-45AEDF1E23FF}.Debug|x64.ActiveCfg = Debug|x64
		{3814FA4D-59C3-4D1D-818C-45AEDF1E23FF}.Debug|x64.Build.0 = Debug|x64
		{3814FA4D-59C3-4D1D-818C-45AEDF1E23FF}.Debug|x64.Deploy.0 = Debug|x64
		{3814FA4D-59C3-4D1D-818C-45AEDF1E23FF}.Debug|x86.ActiveCfg = Debug|x86
		{3814FA4D-59C3-4D1D-818C-45AEDF1E23FF}.Debug|x86.Build.0 = Debug|x86
		{3814FA4D-59C3-4D1D-818C-45AEDF1E23FF}.Debug|x86.Deploy.0 = Debug|x86
		{3814FA4D-59C3-4D1D-818C-45AEDF1E23FF}.Release|Any CPU.ActiveCfg = Release|x86
		{3814FA4D-59C3-4D1D-818C-45AEDF1E23FF}.Release|ARM.ActiveCfg = Release|ARM
		{3814FA4D-59C3-4D1D-818C-45AEDF1E23FF}.Release|ARM.Build.0 = Release|ARM
		{3814FA4D-59C3-4D1D-818C-45AEDF1E23FF}.Release|ARM.Deploy.0 = Release|ARM
		{3814FA4D-59C3-4D1D-818C-45AEDF1E23FF}.Release|iPhone.ActiveCfg = Release|x86
		{3814FA4D-59C3-4D1D-818C-45AEDF1E23FF}.Release|iPhoneSimulator.ActiveCfg = Release|x86
		{3814FA4D-59C3-4D1D-818C-45AEDF1E23FF}.Release|x64.ActiveCfg = Release|x64
		{3814FA4D-59C3-4D1D-818C-45AEDF1E23FF}.Release|x64.Build.0 = Release|x64
		{3814FA4D-59C3-4D1D-818C-45AEDF1E23FF}.Release|x64.Deploy.0 = Release|x64
		{3814FA4D-59C3-4D1D-818C-45AEDF1E23FF}.Release|x86.ActiveCfg = Release|x86
		{3814FA4D-59C3-4D1D-818C-45AEDF1E23FF}.Release|x86.Build.0 = Release|x86
		{3814FA4D-59C3-4D1D-818C-45AEDF1E23FF}.Release|x86.Deploy.0 = Release|x86
	EndGlobalSection
	GlobalSection(SolutionProperties) = preSolution
		HideSolutionNode = FALSE
	EndGlobalSection
	GlobalSection(NestedProjects) = preSolution
		{3260B212-7EDA-4A6F-BC02-133DE76E1686} = {AF050291-39DE-438E-93B9-CD5294B96083}
		{5B777034-829D-46DB-B190-7233326571C6} = {AF050291-39DE-438E-93B9-CD5294B96083}
		{FEC4E9F8-8E2C-41D7-B03F-6941E1BAA661} = {AF050291-39DE-438E-93B9-CD5294B96083}
		{3814FA4D-59C3-4D1D-818C-45AEDF1E23FF} = {AF050291-39DE-438E-93B9-CD5294B96083}
	EndGlobalSection
	GlobalSection(ExtensibilityGlobals) = postSolution
		SolutionGuid = {DBB3B822-5E1E-4A04-88CB-4C92333CD34E}
	EndGlobalSection
EndGlobal
